
Microsoft Visual Studio Solution File, Format Version 12.00
# Visual Studio Version 16
VisualStudioVersion = 16.0.31624.102
MinimumVisualStudioVersion = 10.0.40219.1
Project("{FAE04EC0-301F-11D3-BF4B-00C04F79EFBC}") = "Lab två for real", "Lab två for real\Lab två for real.csproj", "{38B0F61C-6FED-4DBB-9E87-B0BEDF7ED58B}"
EndProject
Global
	GlobalSection(SolutionConfigurationPlatforms) = preSolution
		Debug|Any CPU = Debug|Any CPU
		Release|Any CPU = Release|Any CPU
	EndGlobalSection
	GlobalSection(ProjectConfigurationPlatforms) = postSolution
		{38B0F61C-6FED-4DBB-9E87-B0BEDF7ED58B}.Debug|Any CPU.ActiveCfg = Debug|Any CPU
		{38B0F61C-6FED-4DBB-9E87-B0BEDF7ED58B}.Debug|Any CPU.Build.0 = Debug|Any CPU
		{38B0F61C-6FED-4DBB-9E87-B0BEDF7ED58B}.Release|Any CPU.ActiveCfg = Release|Any CPU
		{38B0F61C-6FED-4DBB-9E87-B0BEDF7ED58B}.Release|Any CPU.Build.0 = Release|Any CPU
	EndGlobalSection
	GlobalSection(SolutionProperties) = preSolution
		HideSolutionNode = FALSE
	EndGlobalSection
	GlobalSection(ExtensibilityGlobals) = postSolution
		SolutionGuid = {53D756E7-1E2D-4857-9CB6-0D0EEC832AF3}
	EndGlobalSection
EndGlobal
